
Microsoft Visual Studio Solution File, Format Version 12.00
# Visual Studio 15
VisualStudioVersion = 15.0.28010.2050
MinimumVisualStudioVersion = 10.0.40219.1
Project("{FAE04EC0-301F-11D3-BF4B-00C04F79EFBC}") = "rsoi_app", "rsoi_app\rsoi_app.csproj", "{BD9A7518-8FEB-482D-B88B-212B45A396E0}"
EndProject
Global
	GlobalSection(SolutionConfigurationPlatforms) = preSolution
		Debug|Any CPU = Debug|Any CPU
		Release|Any CPU = Release|Any CPU
	EndGlobalSection
	GlobalSection(ProjectConfigurationPlatforms) = postSolution
		{BD9A7518-8FEB-482D-B88B-212B45A396E0}.Debug|Any CPU.ActiveCfg = Debug|Any CPU
		{BD9A7518-8FEB-482D-B88B-212B45A396E0}.Debug|Any CPU.Build.0 = Debug|Any CPU
		{BD9A7518-8FEB-482D-B88B-212B45A396E0}.Release|Any CPU.ActiveCfg = Release|Any CPU
		{BD9A7518-8FEB-482D-B88B-212B45A396E0}.Release|Any CPU.Build.0 = Release|Any CPU
	EndGlobalSection
	GlobalSection(SolutionProperties) = preSolution
		HideSolutionNode = FALSE
	EndGlobalSection
	GlobalSection(ExtensibilityGlobals) = postSolution
		SolutionGuid = {3378939B-048C-4F3F-ABBB-E8A6E502A435}
	EndGlobalSection
EndGlobal
